
Microsoft Visual Studio Solution File, Format Version 12.00
# Visual Studio Version 16
VisualStudioVersion = 25.0.1706.0
MinimumVisualStudioVersion = 10.0.40219.1
Project("{FAE04EC0-301F-11D3-BF4B-00C04F79EFBC}") = "vn_mode_csharp_dz40", "vn_mode_csharp_dz40\vn_mode_csharp_dz40.csproj", "{CD070A97-08AC-43F6-91D4-AEA27C1B3B17}"
EndProject
Global
	GlobalSection(SolutionConfigurationPlatforms) = preSolution
		Debug|Any CPU = Debug|Any CPU
		Release|Any CPU = Release|Any CPU
	EndGlobalSection
	GlobalSection(ProjectConfigurationPlatforms) = postSolution
		{CD070A97-08AC-43F6-91D4-AEA27C1B3B17}.Debug|Any CPU.ActiveCfg = Debug|Any CPU
		{CD070A97-08AC-43F6-91D4-AEA27C1B3B17}.Debug|Any CPU.Build.0 = Debug|Any CPU
		{CD070A97-08AC-43F6-91D4-AEA27C1B3B17}.Release|Any CPU.ActiveCfg = Release|Any CPU
		{CD070A97-08AC-43F6-91D4-AEA27C1B3B17}.Release|Any CPU.Build.0 = Release|Any CPU
	EndGlobalSection
	GlobalSection(SolutionProperties) = preSolution
		HideSolutionNode = FALSE
	EndGlobalSection
	GlobalSection(ExtensibilityGlobals) = postSolution
		SolutionGuid = {F6A64399-80ED-4DE5-A9D9-4466CEB99930}
	EndGlobalSection
EndGlobal
