
Microsoft Visual Studio Solution File, Format Version 12.00
# Visual Studio Version 16
VisualStudioVersion = 25.0.1706.0
MinimumVisualStudioVersion = 10.0.40219.1
Project("{FAE04EC0-301F-11D3-BF4B-00C04F79EFBC}") = "vn_mode_csharp_dz40", "vn_mode_csharp_dz40.csproj", "{4D2D2DE9-9CCC-4342-9A90-53A2D7544F92}"
EndProject
Global
	GlobalSection(SolutionConfigurationPlatforms) = preSolution
		Debug|Any CPU = Debug|Any CPU
		Release|Any CPU = Release|Any CPU
	EndGlobalSection
	GlobalSection(ProjectConfigurationPlatforms) = postSolution
		{4D2D2DE9-9CCC-4342-9A90-53A2D7544F92}.Debug|Any CPU.ActiveCfg = Debug|Any CPU
		{4D2D2DE9-9CCC-4342-9A90-53A2D7544F92}.Debug|Any CPU.Build.0 = Debug|Any CPU
		{4D2D2DE9-9CCC-4342-9A90-53A2D7544F92}.Release|Any CPU.ActiveCfg = Release|Any CPU
		{4D2D2DE9-9CCC-4342-9A90-53A2D7544F92}.Release|Any CPU.Build.0 = Release|Any CPU
	EndGlobalSection
	GlobalSection(SolutionProperties) = preSolution
		HideSolutionNode = FALSE
	EndGlobalSection
	GlobalSection(ExtensibilityGlobals) = postSolution
		SolutionGuid = {3EA46DF8-11AA-4075-B6E4-6FA5DF2B5B1D}
	EndGlobalSection
EndGlobal
